
Microsoft Visual Studio Solution File, Format Version 12.00
# Visual Studio Version 17
VisualStudioVersion = 17.4.33103.184
MinimumVisualStudioVersion = 10.0.40219.1
Project("{FAE04EC0-301F-11D3-BF4B-00C04F79EFBC}") = "Roulette-Simulator", "Roulette-Simulator.csproj", "{A2FC8D37-8327-4700-93AD-42D199C73266}"
EndProject
Global
	GlobalSection(SolutionConfigurationPlatforms) = preSolution
		Debug|Any CPU = Debug|Any CPU
		Release|Any CPU = Release|Any CPU
	EndGlobalSection
	GlobalSection(ProjectConfigurationPlatforms) = postSolution
		{A2FC8D37-8327-4700-93AD-42D199C73266}.Debug|Any CPU.ActiveCfg = Debug|Any CPU
		{A2FC8D37-8327-4700-93AD-42D199C73266}.Debug|Any CPU.Build.0 = Debug|Any CPU
		{A2FC8D37-8327-4700-93AD-42D199C73266}.Release|Any CPU.ActiveCfg = Release|Any CPU
		{A2FC8D37-8327-4700-93AD-42D199C73266}.Release|Any CPU.Build.0 = Release|Any CPU
	EndGlobalSection
	GlobalSection(SolutionProperties) = preSolution
		HideSolutionNode = FALSE
	EndGlobalSection
	GlobalSection(ExtensibilityGlobals) = postSolution
		SolutionGuid = {67C57269-5130-4C47-8B7A-1176369A5E8E}
	EndGlobalSection
EndGlobal
